// !$*UTF8*$!
{
	archiveVersion = 1;
	classes = {
	};
	objectVersion = 48;
	objects = {

/* Begin PBXBuildFile section */
		AC24649C1F451EEC0071EDD0 /* AppDelegate.swift in Sources */ = {isa = PBXBuildFile; fileRef = AC24649B1F451EEC0071EDD0 /* AppDelegate.swift */; };
		AC2464A11F451EEC0071EDD0 /* Main.storyboard in Resources */ = {isa = PBXBuildFile; fileRef = AC24649F1F451EEC0071EDD0 /* Main.storyboard */; };
		AC2464A31F451EEC0071EDD0 /* Assets.xcassets in Resources */ = {isa = PBXBuildFile; fileRef = AC2464A21F451EEC0071EDD0 /* Assets.xcassets */; };
		AC2464A61F451EEC0071EDD0 /* LaunchScreen.storyboard in Resources */ = {isa = PBXBuildFile; fileRef = AC2464A41F451EEC0071EDD0 /* LaunchScreen.storyboard */; };
		AC26DC121F47666500841C5A /* PostFlowLayout.swift in Sources */ = {isa = PBXBuildFile; fileRef = AC26DC111F47666500841C5A /* PostFlowLayout.swift */; };
		AC26DC141F48BC2E00841C5A /* CellShadowExtension.swift in Sources */ = {isa = PBXBuildFile; fileRef = AC26DC131F48BC2E00841C5A /* CellShadowExtension.swift */; };
		AC3602D71F452F72009719AF /* GradientView.swift in Sources */ = {isa = PBXBuildFile; fileRef = AC3602D61F452F72009719AF /* GradientView.swift */; };
		AC3602DA1F4539EF009719AF /* LoginVC.swift in Sources */ = {isa = PBXBuildFile; fileRef = AC3602D81F4539EF009719AF /* LoginVC.swift */; };
		AC3602DB1F4539EF009719AF /* LoginVC.xib in Resources */ = {isa = PBXBuildFile; fileRef = AC3602D91F4539EF009719AF /* LoginVC.xib */; };
		AC3602DE1F453C7F009719AF /* CreateAccountVC.swift in Sources */ = {isa = PBXBuildFile; fileRef = AC3602DC1F453C7F009719AF /* CreateAccountVC.swift */; };
		AC3602DF1F453C7F009719AF /* CreateAccountVC.xib in Resources */ = {isa = PBXBuildFile; fileRef = AC3602DD1F453C7F009719AF /* CreateAccountVC.xib */; };
		AC3602E21F453E64009719AF /* CreateMonocleAccountVC.swift in Sources */ = {isa = PBXBuildFile; fileRef = AC3602E01F453E64009719AF /* CreateMonocleAccountVC.swift */; };
		AC3602E31F453E64009719AF /* CreateMonocleAccountVC.xib in Resources */ = {isa = PBXBuildFile; fileRef = AC3602E11F453E64009719AF /* CreateMonocleAccountVC.xib */; };
		AC3602E81F4541D8009719AF /* HomeViewController.swift in Sources */ = {isa = PBXBuildFile; fileRef = AC3602E71F4541D8009719AF /* HomeViewController.swift */; };
		AC8BB0A11F4548F700CB192A /* FriendsListCell.swift in Sources */ = {isa = PBXBuildFile; fileRef = AC8BB0A01F4548F700CB192A /* FriendsListCell.swift */; };
		AC8BB0A31F45491300CB192A /* SegmentMenuCell.swift in Sources */ = {isa = PBXBuildFile; fileRef = AC8BB0A21F45491300CB192A /* SegmentMenuCell.swift */; };
		AC8BB0A51F45493B00CB192A /* PostsCell.swift in Sources */ = {isa = PBXBuildFile; fileRef = AC8BB0A41F45493B00CB192A /* PostsCell.swift */; };
		AC8BB0AE1F4571A700CB192A /* SWRevealViewController.m in Sources */ = {isa = PBXBuildFile; fileRef = AC8BB0AC1F4571A700CB192A /* SWRevealViewController.m */; };
		AC8BB0B01F45755500CB192A /* CurrentUserProfileSlideVC.swift in Sources */ = {isa = PBXBuildFile; fileRef = AC8BB0AF1F45755500CB192A /* CurrentUserProfileSlideVC.swift */; };
		AC8BB0B21F4576C300CB192A /* settingsCell.swift in Sources */ = {isa = PBXBuildFile; fileRef = AC8BB0B11F4576C300CB192A /* settingsCell.swift */; };
		AC8BB0B41F4578A500CB192A /* SelectFriendsVC.swift in Sources */ = {isa = PBXBuildFile; fileRef = AC8BB0B31F4578A500CB192A /* SelectFriendsVC.swift */; };
		AC8BB0B61F45790900CB192A /* SelectFriendCell.swift in Sources */ = {isa = PBXBuildFile; fileRef = AC8BB0B51F45790900CB192A /* SelectFriendCell.swift */; };
		AC8BB0BA1F459EEC00CB192A /* InstaPostCell.swift in Sources */ = {isa = PBXBuildFile; fileRef = AC8BB0B91F459EEC00CB192A /* InstaPostCell.swift */; };
		AC9EF1F11F46163D003630CC /* TweetCell.swift in Sources */ = {isa = PBXBuildFile; fileRef = AC9EF1F01F46163D003630CC /* TweetCell.swift */; };
		AC9EF1F41F461B61003630CC /* UIViewControllerExtension.swift in Sources */ = {isa = PBXBuildFile; fileRef = AC9EF1F31F461B61003630CC /* UIViewControllerExtension.swift */; };
/* End PBXBuildFile section */

/* Begin PBXFileReference section */
		AC2464981F451EEC0071EDD0 /* iMonoPrototype.app */ = {isa = PBXFileReference; explicitFileType = wrapper.application; includeInIndex = 0; path = iMonoPrototype.app; sourceTree = BUILT_PRODUCTS_DIR; };
		AC24649B1F451EEC0071EDD0 /* AppDelegate.swift */ = {isa = PBXFileReference; lastKnownFileType = sourcecode.swift; path = AppDelegate.swift; sourceTree = "<group>"; };
		AC2464A01F451EEC0071EDD0 /* Base */ = {isa = PBXFileReference; lastKnownFileType = file.storyboard; name = Base; path = Base.lproj/Main.storyboard; sourceTree = "<group>"; };
		AC2464A21F451EEC0071EDD0 /* Assets.xcassets */ = {isa = PBXFileReference; lastKnownFileType = folder.assetcatalog; path = Assets.xcassets; sourceTree = "<group>"; };
		AC2464A51F451EEC0071EDD0 /* Base */ = {isa = PBXFileReference; lastKnownFileType = file.storyboard; name = Base; path = Base.lproj/LaunchScreen.storyboard; sourceTree = "<group>"; };
		AC2464A71F451EEC0071EDD0 /* Info.plist */ = {isa = PBXFileReference; lastKnownFileType = text.plist.xml; path = Info.plist; sourceTree = "<group>"; };
		AC26DC111F47666500841C5A /* PostFlowLayout.swift */ = {isa = PBXFileReference; lastKnownFileType = sourcecode.swift; path = PostFlowLayout.swift; sourceTree = "<group>"; };
		AC26DC131F48BC2E00841C5A /* CellShadowExtension.swift */ = {isa = PBXFileReference; lastKnownFileType = sourcecode.swift; path = CellShadowExtension.swift; sourceTree = "<group>"; };
		AC3602D61F452F72009719AF /* GradientView.swift */ = {isa = PBXFileReference; lastKnownFileType = sourcecode.swift; path = GradientView.swift; sourceTree = "<group>"; };
		AC3602D81F4539EF009719AF /* LoginVC.swift */ = {isa = PBXFileReference; lastKnownFileType = sourcecode.swift; path = LoginVC.swift; sourceTree = "<group>"; };
		AC3602D91F4539EF009719AF /* LoginVC.xib */ = {isa = PBXFileReference; lastKnownFileType = file.xib; path = LoginVC.xib; sourceTree = "<group>"; };
		AC3602DC1F453C7F009719AF /* CreateAccountVC.swift */ = {isa = PBXFileReference; lastKnownFileType = sourcecode.swift; path = CreateAccountVC.swift; sourceTree = "<group>"; };
		AC3602DD1F453C7F009719AF /* CreateAccountVC.xib */ = {isa = PBXFileReference; lastKnownFileType = file.xib; path = CreateAccountVC.xib; sourceTree = "<group>"; };
		AC3602E01F453E64009719AF /* CreateMonocleAccountVC.swift */ = {isa = PBXFileReference; lastKnownFileType = sourcecode.swift; path = CreateMonocleAccountVC.swift; sourceTree = "<group>"; };
		AC3602E11F453E64009719AF /* CreateMonocleAccountVC.xib */ = {isa = PBXFileReference; lastKnownFileType = file.xib; path = CreateMonocleAccountVC.xib; sourceTree = "<group>"; };
		AC3602E71F4541D8009719AF /* HomeViewController.swift */ = {isa = PBXFileReference; lastKnownFileType = sourcecode.swift; path = HomeViewController.swift; sourceTree = "<group>"; };
		AC8BB0A01F4548F700CB192A /* FriendsListCell.swift */ = {isa = PBXFileReference; lastKnownFileType = sourcecode.swift; path = FriendsListCell.swift; sourceTree = "<group>"; };
		AC8BB0A21F45491300CB192A /* SegmentMenuCell.swift */ = {isa = PBXFileReference; lastKnownFileType = sourcecode.swift; path = SegmentMenuCell.swift; sourceTree = "<group>"; };
		AC8BB0A41F45493B00CB192A /* PostsCell.swift */ = {isa = PBXFileReference; lastKnownFileType = sourcecode.swift; path = PostsCell.swift; sourceTree = "<group>"; };
		AC8BB0AB1F45716300CB192A /* iMonoPrototype-Bridging-Header.h */ = {isa = PBXFileReference; lastKnownFileType = sourcecode.c.h; path = "iMonoPrototype-Bridging-Header.h"; sourceTree = "<group>"; };
		AC8BB0AC1F4571A700CB192A /* SWRevealViewController.m */ = {isa = PBXFileReference; fileEncoding = 4; lastKnownFileType = sourcecode.c.objc; name = SWRevealViewController.m; path = "../../../../Books/Udemy - iOS 11 and Swift 4 - From Beginner to Paid Professional/06-networking-apis-rest-and-building-a-slack-clone/attached_files/054-intro-to-chat-app/Smack Assets/SWReveal/SWRevealViewController.m"; sourceTree = "<group>"; };
		AC8BB0AD1F4571A700CB192A /* SWRevealViewController.h */ = {isa = PBXFileReference; fileEncoding = 4; lastKnownFileType = sourcecode.c.h; name = SWRevealViewController.h; path = "../../../../Books/Udemy - iOS 11 and Swift 4 - From Beginner to Paid Professional/06-networking-apis-rest-and-building-a-slack-clone/attached_files/054-intro-to-chat-app/Smack Assets/SWReveal/SWRevealViewController.h"; sourceTree = "<group>"; };
		AC8BB0AF1F45755500CB192A /* CurrentUserProfileSlideVC.swift */ = {isa = PBXFileReference; lastKnownFileType = sourcecode.swift; path = CurrentUserProfileSlideVC.swift; sourceTree = "<group>"; };
		AC8BB0B11F4576C300CB192A /* settingsCell.swift */ = {isa = PBXFileReference; lastKnownFileType = sourcecode.swift; path = settingsCell.swift; sourceTree = "<group>"; };
		AC8BB0B31F4578A500CB192A /* SelectFriendsVC.swift */ = {isa = PBXFileReference; lastKnownFileType = sourcecode.swift; path = SelectFriendsVC.swift; sourceTree = "<group>"; };
		AC8BB0B51F45790900CB192A /* SelectFriendCell.swift */ = {isa = PBXFileReference; lastKnownFileType = sourcecode.swift; path = SelectFriendCell.swift; sourceTree = "<group>"; };
		AC8BB0B91F459EEC00CB192A /* InstaPostCell.swift */ = {isa = PBXFileReference; lastKnownFileType = sourcecode.swift; path = InstaPostCell.swift; sourceTree = "<group>"; };
		AC9EF1F01F46163D003630CC /* TweetCell.swift */ = {isa = PBXFileReference; lastKnownFileType = sourcecode.swift; path = TweetCell.swift; sourceTree = "<group>"; };
		AC9EF1F31F461B61003630CC /* UIViewControllerExtension.swift */ = {isa = PBXFileReference; lastKnownFileType = sourcecode.swift; path = UIViewControllerExtension.swift; sourceTree = "<group>"; };
/* End PBXFileReference section */

/* Begin PBXFrameworksBuildPhase section */
		AC2464951F451EEC0071EDD0 /* Frameworks */ = {
			isa = PBXFrameworksBuildPhase;
			buildActionMask = 2147483647;
			files = (
			);
			runOnlyForDeploymentPostprocessing = 0;
		};
/* End PBXFrameworksBuildPhase section */

/* Begin PBXGroup section */
		AC24648F1F451EEC0071EDD0 = {
			isa = PBXGroup;
			children = (
				AC24649A1F451EEC0071EDD0 /* iMonoPrototype */,
				AC2464991F451EEC0071EDD0 /* Products */,
			);
			sourceTree = "<group>";
		};
		AC2464991F451EEC0071EDD0 /* Products */ = {
			isa = PBXGroup;
			children = (
				AC2464981F451EEC0071EDD0 /* iMonoPrototype.app */,
			);
			name = Products;
			sourceTree = "<group>";
		};
		AC24649A1F451EEC0071EDD0 /* iMonoPrototype */ = {
			isa = PBXGroup;
			children = (
				AC26DC101F47662800841C5A /* Layouts */,
				AC9EF1F21F461B47003630CC /* Extensions */,
				AC8BB0A61F456D7A00CB192A /* Supporting Files */,
				AC8BB09F1F4548AA00CB192A /* Views */,
				AC3602E61F45415A009719AF /* Group */,
				AC3602E51F454145009719AF /* Controllers */,
				AC3602E41F45412E009719AF /* XIBs */,
				AC24649B1F451EEC0071EDD0 /* AppDelegate.swift */,
				AC24649F1F451EEC0071EDD0 /* Main.storyboard */,
				AC2464A21F451EEC0071EDD0 /* Assets.xcassets */,
				AC2464A41F451EEC0071EDD0 /* LaunchScreen.storyboard */,
				AC2464A71F451EEC0071EDD0 /* Info.plist */,
			);
			path = iMonoPrototype;
			sourceTree = "<group>";
		};
		AC26DC101F47662800841C5A /* Layouts */ = {
			isa = PBXGroup;
			children = (
				AC26DC111F47666500841C5A /* PostFlowLayout.swift */,
			);
			name = Layouts;
			sourceTree = "<group>";
		};
		AC3602E41F45412E009719AF /* XIBs */ = {
			isa = PBXGroup;
			children = (
				AC3602D91F4539EF009719AF /* LoginVC.xib */,
				AC3602DD1F453C7F009719AF /* CreateAccountVC.xib */,
				AC3602E11F453E64009719AF /* CreateMonocleAccountVC.xib */,
			);
			path = XIBs;
			sourceTree = "<group>";
		};
		AC3602E51F454145009719AF /* Controllers */ = {
			isa = PBXGroup;
			children = (
				AC3602D81F4539EF009719AF /* LoginVC.swift */,
				AC3602DC1F453C7F009719AF /* CreateAccountVC.swift */,
				AC3602E01F453E64009719AF /* CreateMonocleAccountVC.swift */,
				AC3602E71F4541D8009719AF /* HomeViewController.swift */,
				AC8BB0AF1F45755500CB192A /* CurrentUserProfileSlideVC.swift */,
				AC8BB0B31F4578A500CB192A /* SelectFriendsVC.swift */,
			);
			path = Controllers;
			sourceTree = "<group>";
		};
		AC3602E61F45415A009719AF /* Group */ = {
			isa = PBXGroup;
			children = (
				AC3602D61F452F72009719AF /* GradientView.swift */,
			);
			path = Group;
			sourceTree = "<group>";
		};
		AC8BB09F1F4548AA00CB192A /* Views */ = {
			isa = PBXGroup;
			children = (
				AC8BB0A01F4548F700CB192A /* FriendsListCell.swift */,
				AC8BB0A21F45491300CB192A /* SegmentMenuCell.swift */,
				AC8BB0A41F45493B00CB192A /* PostsCell.swift */,
				AC8BB0B11F4576C300CB192A /* settingsCell.swift */,
				AC8BB0B51F45790900CB192A /* SelectFriendCell.swift */,
				AC8BB0B91F459EEC00CB192A /* InstaPostCell.swift */,
				AC9EF1F01F46163D003630CC /* TweetCell.swift */,
			);
			path = Views;
			sourceTree = "<group>";
		};
		AC8BB0A61F456D7A00CB192A /* Supporting Files */ = {
			isa = PBXGroup;
			children = (
				AC8BB0AB1F45716300CB192A /* iMonoPrototype-Bridging-Header.h */,
				AC8BB0AD1F4571A700CB192A /* SWRevealViewController.h */,
				AC8BB0AC1F4571A700CB192A /* SWRevealViewController.m */,
			);
			path = "Supporting Files";
			sourceTree = "<group>";
		};
		AC9EF1F21F461B47003630CC /* Extensions */ = {
			isa = PBXGroup;
			children = (
				AC9EF1F31F461B61003630CC /* UIViewControllerExtension.swift */,
				AC26DC131F48BC2E00841C5A /* CellShadowExtension.swift */,
			);
			path = Extensions;
			sourceTree = "<group>";
		};
/* End PBXGroup section */

/* Begin PBXNativeTarget section */
		AC2464971F451EEC0071EDD0 /* iMonoPrototype */ = {
			isa = PBXNativeTarget;
			buildConfigurationList = AC2464AA1F451EEC0071EDD0 /* Build configuration list for PBXNativeTarget "iMonoPrototype" */;
			buildPhases = (
				AC2464941F451EEC0071EDD0 /* Sources */,
				AC2464951F451EEC0071EDD0 /* Frameworks */,
				AC2464961F451EEC0071EDD0 /* Resources */,
			);
			buildRules = (
			);
			dependencies = (
			);
			name = iMonoPrototype;
			productName = iMonoPrototype;
			productReference = AC2464981F451EEC0071EDD0 /* iMonoPrototype.app */;
			productType = "com.apple.product-type.application";
		};
/* End PBXNativeTarget section */

/* Begin PBXProject section */
		AC2464901F451EEC0071EDD0 /* Project object */ = {
			isa = PBXProject;
			attributes = {
				LastSwiftUpdateCheck = 0900;
				LastUpgradeCheck = 0900;
				ORGANIZATIONNAME = MrAliGorithm;
				TargetAttributes = {
					AC2464971F451EEC0071EDD0 = {
						CreatedOnToolsVersion = 9.0;
						LastSwiftMigration = 0900;
					};
				};
			};
			buildConfigurationList = AC2464931F451EEC0071EDD0 /* Build configuration list for PBXProject "iMonoPrototype" */;
			compatibilityVersion = "Xcode 8.0";
			developmentRegion = en;
			hasScannedForEncodings = 0;
			knownRegions = (
				en,
				Base,
			);
			mainGroup = AC24648F1F451EEC0071EDD0;
			productRefGroup = AC2464991F451EEC0071EDD0 /* Products */;
			projectDirPath = "";
			projectRoot = "";
			targets = (
				AC2464971F451EEC0071EDD0 /* iMonoPrototype */,
			);
		};
/* End PBXProject section */

/* Begin PBXResourcesBuildPhase section */
		AC2464961F451EEC0071EDD0 /* Resources */ = {
			isa = PBXResourcesBuildPhase;
			buildActionMask = 2147483647;
			files = (
				AC3602DF1F453C7F009719AF /* CreateAccountVC.xib in Resources */,
				AC2464A61F451EEC0071EDD0 /* LaunchScreen.storyboard in Resources */,
				AC3602E31F453E64009719AF /* CreateMonocleAccountVC.xib in Resources */,
				AC2464A31F451EEC0071EDD0 /* Assets.xcassets in Resources */,
				AC3602DB1F4539EF009719AF /* LoginVC.xib in Resources */,
				AC2464A11F451EEC0071EDD0 /* Main.storyboard in Resources */,
			);
			runOnlyForDeploymentPostprocessing = 0;
		};
/* End PBXResourcesBuildPhase section */

/* Begin PBXSourcesBuildPhase section */
		AC2464941F451EEC0071EDD0 /* Sources */ = {
			isa = PBXSourcesBuildPhase;
			buildActionMask = 2147483647;
			files = (
				AC8BB0A31F45491300CB192A /* SegmentMenuCell.swift in Sources */,
				AC24649C1F451EEC0071EDD0 /* AppDelegate.swift in Sources */,
				AC8BB0B21F4576C300CB192A /* settingsCell.swift in Sources */,
				AC9EF1F11F46163D003630CC /* TweetCell.swift in Sources */,
				AC9EF1F41F461B61003630CC /* UIViewControllerExtension.swift in Sources */,
				AC3602E21F453E64009719AF /* CreateMonocleAccountVC.swift in Sources */,
				AC3602DA1F4539EF009719AF /* LoginVC.swift in Sources */,
				AC26DC141F48BC2E00841C5A /* CellShadowExtension.swift in Sources */,
				AC26DC121F47666500841C5A /* PostFlowLayout.swift in Sources */,
				AC3602DE1F453C7F009719AF /* CreateAccountVC.swift in Sources */,
				AC3602D71F452F72009719AF /* GradientView.swift in Sources */,
				AC8BB0B61F45790900CB192A /* SelectFriendCell.swift in Sources */,
				AC8BB0BA1F459EEC00CB192A /* InstaPostCell.swift in Sources */,
				AC8BB0A51F45493B00CB192A /* PostsCell.swift in Sources */,
				AC8BB0AE1F4571A700CB192A /* SWRevealViewController.m in Sources */,
				AC8BB0A11F4548F700CB192A /* FriendsListCell.swift in Sources */,
				AC8BB0B41F4578A500CB192A /* SelectFriendsVC.swift in Sources */,
				AC8BB0B01F45755500CB192A /* CurrentUserProfileSlideVC.swift in Sources */,
				AC3602E81F4541D8009719AF /* HomeViewController.swift in Sources */,
			);
			runOnlyForDeploymentPostprocessing = 0;
		};
/* End PBXSourcesBuildPhase section */

/* Begin PBXVariantGroup section */
		AC24649F1F451EEC0071EDD0 /* Main.storyboard */ = {
			isa = PBXVariantGroup;
			children = (
				AC2464A01F451EEC0071EDD0 /* Base */,
			);
			name = Main.storyboard;
			sourceTree = "<group>";
		};
		AC2464A41F451EEC0071EDD0 /* LaunchScreen.storyboard */ = {
			isa = PBXVariantGroup;
			children = (
				AC2464A51F451EEC0071EDD0 /* Base */,
			);
			name = LaunchScreen.storyboard;
			sourceTree = "<group>";
		};
/* End PBXVariantGroup section */

/* Begin XCBuildConfiguration section */
		AC2464A81F451EEC0071EDD0 /* Debug */ = {
			isa = XCBuildConfiguration;
			buildSettings = {
				ALWAYS_SEARCH_USER_PATHS = NO;
				CLANG_ANALYZER_NONNULL = YES;
				CLANG_ANALYZER_NUMBER_OBJECT_CONVERSION = YES_AGGRESSIVE;
				CLANG_CXX_LANGUAGE_STANDARD = "gnu++14";
				CLANG_CXX_LIBRARY = "libc++";
				CLANG_ENABLE_MODULES = YES;
				CLANG_ENABLE_OBJC_ARC = YES;
				CLANG_WARN_BLOCK_CAPTURE_AUTORELEASING = YES;
				CLANG_WARN_BOOL_CONVERSION = YES;
				CLANG_WARN_COMMA = YES;
				CLANG_WARN_CONSTANT_CONVERSION = YES;
				CLANG_WARN_DIRECT_OBJC_ISA_USAGE = YES_ERROR;
				CLANG_WARN_DOCUMENTATION_COMMENTS = YES;
				CLANG_WARN_EMPTY_BODY = YES;
				CLANG_WARN_ENUM_CONVERSION = YES;
				CLANG_WARN_INFINITE_RECURSION = YES;
				CLANG_WARN_INT_CONVERSION = YES;
				CLANG_WARN_OBJC_ROOT_CLASS = YES_ERROR;
				CLANG_WARN_RANGE_LOOP_ANALYSIS = YES;
				CLANG_WARN_STRICT_PROTOTYPES = YES;
				CLANG_WARN_SUSPICIOUS_MOVE = YES;
				CLANG_WARN_UNGUARDED_AVAILABILITY = YES_AGGRESSIVE;
				CLANG_WARN_UNREACHABLE_CODE = YES;
				CLANG_WARN__DUPLICATE_METHOD_MATCH = YES;
				CODE_SIGN_IDENTITY = "iPhone Developer";
				COPY_PHASE_STRIP = NO;
				DEBUG_INFORMATION_FORMAT = dwarf;
				ENABLE_STRICT_OBJC_MSGSEND = YES;
				ENABLE_TESTABILITY = YES;
				GCC_C_LANGUAGE_STANDARD = gnu11;
				GCC_DYNAMIC_NO_PIC = NO;
				GCC_NO_COMMON_BLOCKS = YES;
				GCC_OPTIMIZATION_LEVEL = 0;
				GCC_PREPROCESSOR_DEFINITIONS = (
					"DEBUG=1",
					"$(inherited)",
				);
				GCC_WARN_64_TO_32_BIT_CONVERSION = YES;
				GCC_WARN_ABOUT_RETURN_TYPE = YES_ERROR;
				GCC_WARN_UNDECLARED_SELECTOR = YES;
				GCC_WARN_UNINITIALIZED_AUTOS = YES_AGGRESSIVE;
				GCC_WARN_UNUSED_FUNCTION = YES;
				GCC_WARN_UNUSED_VARIABLE = YES;
				IPHONEOS_DEPLOYMENT_TARGET = 11.0;
				MTL_ENABLE_DEBUG_INFO = YES;
				ONLY_ACTIVE_ARCH = YES;
				SDKROOT = iphoneos;
				SWIFT_ACTIVE_COMPILATION_CONDITIONS = DEBUG;
				SWIFT_OPTIMIZATION_LEVEL = "-Onone";
			};
			name = Debug;
		};
		AC2464A91F451EEC0071EDD0 /* Release */ = {
			isa = XCBuildConfiguration;
			buildSettings = {
				ALWAYS_SEARCH_USER_PATHS = NO;
				CLANG_ANALYZER_NONNULL = YES;
				CLANG_ANALYZER_NUMBER_OBJECT_CONVERSION = YES_AGGRESSIVE;
				CLANG_CXX_LANGUAGE_STANDARD = "gnu++14";
				CLANG_CXX_LIBRARY = "libc++";
				CLANG_ENABLE_MODULES = YES;
				CLANG_ENABLE_OBJC_ARC = YES;
				CLANG_WARN_BLOCK_CAPTURE_AUTORELEASING = YES;
				CLANG_WARN_BOOL_CONVERSION = YES;
				CLANG_WARN_COMMA = YES;
				CLANG_WARN_CONSTANT_CONVERSION = YES;
				CLANG_WARN_DIRECT_OBJC_ISA_USAGE = YES_ERROR;
				CLANG_WARN_DOCUMENTATION_COMMENTS = YES;
				CLANG_WARN_EMPTY_BODY = YES;
				CLANG_WARN_ENUM_CONVERSION = YES;
				CLANG_WARN_INFINITE_RECURSION = YES;
				CLANG_WARN_INT_CONVERSION = YES;
				CLANG_WARN_OBJC_ROOT_CLASS = YES_ERROR;
				CLANG_WARN_RANGE_LOOP_ANALYSIS = YES;
				CLANG_WARN_STRICT_PROTOTYPES = YES;
				CLANG_WARN_SUSPICIOUS_MOVE = YES;
				CLANG_WARN_UNGUARDED_AVAILABILITY = YES_AGGRESSIVE;
				CLANG_WARN_UNREACHABLE_CODE = YES;
				CLANG_WARN__DUPLICATE_METHOD_MATCH = YES;
				CODE_SIGN_IDENTITY = "iPhone Developer";
				COPY_PHASE_STRIP = NO;
				DEBUG_INFORMATION_FORMAT = "dwarf-with-dsym";
				ENABLE_NS_ASSERTIONS = NO;
				ENABLE_STRICT_OBJC_MSGSEND = YES;
				GCC_C_LANGUAGE_STANDARD = gnu11;
				GCC_NO_COMMON_BLOCKS = YES;
				GCC_WARN_64_TO_32_BIT_CONVERSION = YES;
				GCC_WARN_ABOUT_RETURN_TYPE = YES_ERROR;
				GCC_WARN_UNDECLARED_SELECTOR = YES;
				GCC_WARN_UNINITIALIZED_AUTOS = YES_AGGRESSIVE;
				GCC_WARN_UNUSED_FUNCTION = YES;
				GCC_WARN_UNUSED_VARIABLE = YES;
				IPHONEOS_DEPLOYMENT_TARGET = 11.0;
				MTL_ENABLE_DEBUG_INFO = NO;
				SDKROOT = iphoneos;
				SWIFT_OPTIMIZATION_LEVEL = "-Owholemodule";
				VALIDATE_PRODUCT = YES;
			};
			name = Release;
		};
		AC2464AB1F451EEC0071EDD0 /* Debug */ = {
			isa = XCBuildConfiguration;
			buildSettings = {
				ASSETCATALOG_COMPILER_APPICON_NAME = AppIcon;
				CLANG_ENABLE_MODULES = YES;
				DEVELOPMENT_TEAM = U3FSDK5XFF;
				INFOPLIST_FILE = iMonoPrototype/Info.plist;
				LD_RUNPATH_SEARCH_PATHS = "$(inherited) @executable_path/Frameworks";
				PRODUCT_BUNDLE_IDENTIFIER = com.app.iMonoPrototype;
				PRODUCT_NAME = "$(TARGET_NAME)";
				SWIFT_OBJC_BRIDGING_HEADER = "iMonoPrototype/Supporting Files/iMonoPrototype-Bridging-Header.h";
				SWIFT_OPTIMIZATION_LEVEL = "-Onone";
				SWIFT_VERSION = 4.0;
				TARGETED_DEVICE_FAMILY = "1,2";
			};
			name = Debug;
		};
		AC2464AC1F451EEC0071EDD0 /* Release */ = {
			isa = XCBuildConfiguration;
			buildSettings = {
				ASSETCATALOG_COMPILER_APPICON_NAME = AppIcon;
				CLANG_ENABLE_MODULES = YES;
				DEVELOPMENT_TEAM = U3FSDK5XFF;
				INFOPLIST_FILE = iMonoPrototype/Info.plist;
				LD_RUNPATH_SEARCH_PATHS = "$(inherited) @executable_path/Frameworks";
				PRODUCT_BUNDLE_IDENTIFIER = com.app.iMonoPrototype;
				PRODUCT_NAME = "$(TARGET_NAME)";
				SWIFT_OBJC_BRIDGING_HEADER = "iMonoPrototype/Supporting Files/iMonoPrototype-Bridging-Header.h";
				SWIFT_VERSION = 4.0;
				TARGETED_DEVICE_FAMILY = "1,2";
			};
			name = Release;
		};
/* End XCBuildConfiguration section */

/* Begin XCConfigurationList section */
		AC2464931F451EEC0071EDD0 /* Build configuration list for PBXProject "iMonoPrototype" */ = {
			isa = XCConfigurationList;
			buildConfigurations = (
				AC2464A81F451EEC0071EDD0 /* Debug */,
				AC2464A91F451EEC0071EDD0 /* Release */,
			);
			defaultConfigurationIsVisible = 0;
			defaultConfigurationName = Release;
		};
		AC2464AA1F451EEC0071EDD0 /* Build configuration list for PBXNativeTarget "iMonoPrototype" */ = {
			isa = XCConfigurationList;
			buildConfigurations = (
				AC2464AB1F451EEC0071EDD0 /* Debug */,
				AC2464AC1F451EEC0071EDD0 /* Release */,
			);
			defaultConfigurationIsVisible = 0;
			defaultConfigurationName = Release;
		};
/* End XCConfigurationList section */
	};
	rootObject = AC2464901F451EEC0071EDD0 /* Project object */;
}
